
Microsoft Visual Studio Solution File, Format Version 12.00
# Visual Studio 15
VisualStudioVersion = 15.0.28307.329
MinimumVisualStudioVersion = 10.0.40219.1
Project("{FAE04EC0-301F-11D3-BF4B-00C04F79EFBC}") = "ChatServer", "ChatServer\ChatServer.csproj", "{AFEB9682-BC85-413C-A30B-CE9A12FE73C2}"
EndProject
Project("{FAE04EC0-301F-11D3-BF4B-00C04F79EFBC}") = "ChatClient", "ChatClient\ChatClient.csproj", "{765D9FD6-BA7D-465B-9435-36CC10D6E35F}"
EndProject
Global
	GlobalSection(SolutionConfigurationPlatforms) = preSolution
		Debug|Any CPU = Debug|Any CPU
		Release|Any CPU = Release|Any CPU
	EndGlobalSection
	GlobalSection(ProjectConfigurationPlatforms) = postSolution
		{AFEB9682-BC85-413C-A30B-CE9A12FE73C2}.Debug|Any CPU.ActiveCfg = Debug|Any CPU
		{AFEB9682-BC85-413C-A30B-CE9A12FE73C2}.Debug|Any CPU.Build.0 = Debug|Any CPU
		{AFEB9682-BC85-413C-A30B-CE9A12FE73C2}.Release|Any CPU.ActiveCfg = Release|Any CPU
		{AFEB9682-BC85-413C-A30B-CE9A12FE73C2}.Release|Any CPU.Build.0 = Release|Any CPU
		{765D9FD6-BA7D-465B-9435-36CC10D6E35F}.Debug|Any CPU.ActiveCfg = Debug|Any CPU
		{765D9FD6-BA7D-465B-9435-36CC10D6E35F}.Debug|Any CPU.Build.0 = Debug|Any CPU
		{765D9FD6-BA7D-465B-9435-36CC10D6E35F}.Release|Any CPU.ActiveCfg = Release|Any CPU
		{765D9FD6-BA7D-465B-9435-36CC10D6E35F}.Release|Any CPU.Build.0 = Release|Any CPU
	EndGlobalSection
	GlobalSection(SolutionProperties) = preSolution
		HideSolutionNode = FALSE
	EndGlobalSection
	GlobalSection(ExtensibilityGlobals) = postSolution
		SolutionGuid = {F3E14418-0209-424A-AA48-F9A102C5D2B3}
	EndGlobalSection
EndGlobal
